
Microsoft Visual Studio Solution File, Format Version 12.00
# Visual Studio Version 17
VisualStudioVersion = 17.11.35327.3
MinimumVisualStudioVersion = 10.0.40219.1
Project("{FAE04EC0-301F-11D3-BF4B-00C04F79EFBC}") = "Tests", "Tests\Tests.csproj", "{2B0DA74D-D12B-4522-935E-D3C46F8F2059}"
EndProject
Project("{FAE04EC0-301F-11D3-BF4B-00C04F79EFBC}") = "Accounting.API", "Accounting.API\Accounting.API.csproj", "{AC91CE6A-B980-4E0D-905F-F98615BE2CDB}"
EndProject
Project("{FAE04EC0-301F-11D3-BF4B-00C04F79EFBC}") = "Inventory.API", "Inventory.API\Inventory.API.csproj", "{193EDB26-A580-4AF2-A09A-61879759ECF6}"
EndProject
Project("{FAE04EC0-301F-11D3-BF4B-00C04F79EFBC}") = "Sales.API", "Sales.API\Sales.API.csproj", "{99A374D5-7996-4EF1-9FA3-316BD8EA6191}"
EndProject
Project("{FAE04EC0-301F-11D3-BF4B-00C04F79EFBC}") = "Workflow.API", "Workflow.API\Workflow.API.csproj", "{979570A2-9FE6-4140-915E-2D3BCDD74B40}"
EndProject
Project("{FAE04EC0-301F-11D3-BF4B-00C04F79EFBC}") = "ClientApp", "ClientApp\ClientApp.csproj", "{E797EE7E-D839-49A9-99F1-A74F6CDE5604}"
EndProject
Global
	GlobalSection(SolutionConfigurationPlatforms) = preSolution
		Debug|Any CPU = Debug|Any CPU
		Release|Any CPU = Release|Any CPU
	EndGlobalSection
	GlobalSection(ProjectConfigurationPlatforms) = postSolution
		{2B0DA74D-D12B-4522-935E-D3C46F8F2059}.Debug|Any CPU.ActiveCfg = Debug|Any CPU
		{2B0DA74D-D12B-4522-935E-D3C46F8F2059}.Debug|Any CPU.Build.0 = Debug|Any CPU
		{2B0DA74D-D12B-4522-935E-D3C46F8F2059}.Release|Any CPU.ActiveCfg = Release|Any CPU
		{2B0DA74D-D12B-4522-935E-D3C46F8F2059}.Release|Any CPU.Build.0 = Release|Any CPU
		{AC91CE6A-B980-4E0D-905F-F98615BE2CDB}.Debug|Any CPU.ActiveCfg = Debug|Any CPU
		{AC91CE6A-B980-4E0D-905F-F98615BE2CDB}.Debug|Any CPU.Build.0 = Debug|Any CPU
		{AC91CE6A-B980-4E0D-905F-F98615BE2CDB}.Release|Any CPU.ActiveCfg = Release|Any CPU
		{AC91CE6A-B980-4E0D-905F-F98615BE2CDB}.Release|Any CPU.Build.0 = Release|Any CPU
		{193EDB26-A580-4AF2-A09A-61879759ECF6}.Debug|Any CPU.ActiveCfg = Debug|Any CPU
		{193EDB26-A580-4AF2-A09A-61879759ECF6}.Debug|Any CPU.Build.0 = Debug|Any CPU
		{193EDB26-A580-4AF2-A09A-61879759ECF6}.Release|Any CPU.ActiveCfg = Release|Any CPU
		{193EDB26-A580-4AF2-A09A-61879759ECF6}.Release|Any CPU.Build.0 = Release|Any CPU
		{99A374D5-7996-4EF1-9FA3-316BD8EA6191}.Debug|Any CPU.ActiveCfg = Debug|Any CPU
		{99A374D5-7996-4EF1-9FA3-316BD8EA6191}.Debug|Any CPU.Build.0 = Debug|Any CPU
		{99A374D5-7996-4EF1-9FA3-316BD8EA6191}.Release|Any CPU.ActiveCfg = Release|Any CPU
		{99A374D5-7996-4EF1-9FA3-316BD8EA6191}.Release|Any CPU.Build.0 = Release|Any CPU
		{979570A2-9FE6-4140-915E-2D3BCDD74B40}.Debug|Any CPU.ActiveCfg = Debug|Any CPU
		{979570A2-9FE6-4140-915E-2D3BCDD74B40}.Debug|Any CPU.Build.0 = Debug|Any CPU
		{979570A2-9FE6-4140-915E-2D3BCDD74B40}.Release|Any CPU.ActiveCfg = Release|Any CPU
		{979570A2-9FE6-4140-915E-2D3BCDD74B40}.Release|Any CPU.Build.0 = Release|Any CPU
		{E797EE7E-D839-49A9-99F1-A74F6CDE5604}.Debug|Any CPU.ActiveCfg = Debug|Any CPU
		{E797EE7E-D839-49A9-99F1-A74F6CDE5604}.Debug|Any CPU.Build.0 = Debug|Any CPU
		{E797EE7E-D839-49A9-99F1-A74F6CDE5604}.Release|Any CPU.ActiveCfg = Release|Any CPU
		{E797EE7E-D839-49A9-99F1-A74F6CDE5604}.Release|Any CPU.Build.0 = Release|Any CPU
	EndGlobalSection
	GlobalSection(SolutionProperties) = preSolution
		HideSolutionNode = FALSE
	EndGlobalSection
	GlobalSection(ExtensibilityGlobals) = postSolution
		SolutionGuid = {CDB2F256-49BC-44FF-A4A5-9F8CCC533287}
	EndGlobalSection
EndGlobal
