
Microsoft Visual Studio Solution File, Format Version 12.00
# Visual Studio Version 17
VisualStudioVersion = 17.11.35327.3
MinimumVisualStudioVersion = 10.0.40219.1
Project("{9A19103F-16F7-4668-BE54-9A1E7A4F7556}") = "Tests", "Tests\Tests.csproj", "{2B0DA74D-D12B-4522-935E-D3C46F8F2059}"
EndProject
Project("{9A19103F-16F7-4668-BE54-9A1E7A4F7556}") = "Accounting.API", "Accounting.API\Accounting.API.csproj", "{AC91CE6A-B980-4E0D-905F-F98615BE2CDB}"
EndProject
Project("{9A19103F-16F7-4668-BE54-9A1E7A4F7556}") = "Inventory.API", "Inventory.API\Inventory.API.csproj", "{193EDB26-A580-4AF2-A09A-61879759ECF6}"
EndProject
Project("{9A19103F-16F7-4668-BE54-9A1E7A4F7556}") = "Sales.API", "Sales.API\Sales.API.csproj", "{99A374D5-7996-4EF1-9FA3-316BD8EA6191}"
EndProject
Project("{9A19103F-16F7-4668-BE54-9A1E7A4F7556}") = "ClientApp", "ClientApp\ClientApp.csproj", "{E797EE7E-D839-49A9-99F1-A74F6CDE5604}"
EndProject
Project("{2150E333-8FDC-42A3-9474-1A3956D46DE8}") = "Solution Items", "Solution Items", "{F332872F-0FC9-4648-BD92-E9953D35E20B}"
EndProject
Project("{FAE04EC0-301F-11D3-BF4B-00C04F79EFBC}") = "Workflow.API", "Workflow.API\Workflow.API.csproj", "{DD2CA369-C247-43C3-8690-BC08543649E3}"
EndProject
Project("{FAE04EC0-301F-11D3-BF4B-00C04F79EFBC}") = "AIUtility.API", "AIUtility.API\AIUtility.API.csproj", "{655F07B9-6E40-4AE0-86AF-C89F4BF54FC8}"
EndProject
Global
	GlobalSection(SolutionConfigurationPlatforms) = preSolution
		Debug|Any CPU = Debug|Any CPU
		Release|Any CPU = Release|Any CPU
	EndGlobalSection
	GlobalSection(ProjectConfigurationPlatforms) = postSolution
		{2B0DA74D-D12B-4522-935E-D3C46F8F2059}.Debug|Any CPU.ActiveCfg = Debug|Any CPU
		{2B0DA74D-D12B-4522-935E-D3C46F8F2059}.Debug|Any CPU.Build.0 = Debug|Any CPU
		{2B0DA74D-D12B-4522-935E-D3C46F8F2059}.Release|Any CPU.ActiveCfg = Release|Any CPU
		{2B0DA74D-D12B-4522-935E-D3C46F8F2059}.Release|Any CPU.Build.0 = Release|Any CPU
		{AC91CE6A-B980-4E0D-905F-F98615BE2CDB}.Debug|Any CPU.ActiveCfg = Debug|Any CPU
		{AC91CE6A-B980-4E0D-905F-F98615BE2CDB}.Debug|Any CPU.Build.0 = Debug|Any CPU
		{AC91CE6A-B980-4E0D-905F-F98615BE2CDB}.Release|Any CPU.ActiveCfg = Release|Any CPU
		{AC91CE6A-B980-4E0D-905F-F98615BE2CDB}.Release|Any CPU.Build.0 = Release|Any CPU
		{193EDB26-A580-4AF2-A09A-61879759ECF6}.Debug|Any CPU.ActiveCfg = Debug|Any CPU
		{193EDB26-A580-4AF2-A09A-61879759ECF6}.Debug|Any CPU.Build.0 = Debug|Any CPU
		{193EDB26-A580-4AF2-A09A-61879759ECF6}.Release|Any CPU.ActiveCfg = Release|Any CPU
		{193EDB26-A580-4AF2-A09A-61879759ECF6}.Release|Any CPU.Build.0 = Release|Any CPU
		{99A374D5-7996-4EF1-9FA3-316BD8EA6191}.Debug|Any CPU.ActiveCfg = Debug|Any CPU
		{99A374D5-7996-4EF1-9FA3-316BD8EA6191}.Debug|Any CPU.Build.0 = Debug|Any CPU
		{99A374D5-7996-4EF1-9FA3-316BD8EA6191}.Release|Any CPU.ActiveCfg = Release|Any CPU
		{99A374D5-7996-4EF1-9FA3-316BD8EA6191}.Release|Any CPU.Build.0 = Release|Any CPU
		{E797EE7E-D839-49A9-99F1-A74F6CDE5604}.Debug|Any CPU.ActiveCfg = Debug|Any CPU
		{E797EE7E-D839-49A9-99F1-A74F6CDE5604}.Debug|Any CPU.Build.0 = Debug|Any CPU
		{E797EE7E-D839-49A9-99F1-A74F6CDE5604}.Release|Any CPU.ActiveCfg = Release|Any CPU
		{E797EE7E-D839-49A9-99F1-A74F6CDE5604}.Release|Any CPU.Build.0 = Release|Any CPU
		{DD2CA369-C247-43C3-8690-BC08543649E3}.Debug|Any CPU.ActiveCfg = Debug|Any CPU
		{DD2CA369-C247-43C3-8690-BC08543649E3}.Debug|Any CPU.Build.0 = Debug|Any CPU
		{DD2CA369-C247-43C3-8690-BC08543649E3}.Release|Any CPU.ActiveCfg = Release|Any CPU
		{DD2CA369-C247-43C3-8690-BC08543649E3}.Release|Any CPU.Build.0 = Release|Any CPU
		{655F07B9-6E40-4AE0-86AF-C89F4BF54FC8}.Debug|Any CPU.ActiveCfg = Debug|Any CPU
		{655F07B9-6E40-4AE0-86AF-C89F4BF54FC8}.Debug|Any CPU.Build.0 = Debug|Any CPU
		{655F07B9-6E40-4AE0-86AF-C89F4BF54FC8}.Release|Any CPU.ActiveCfg = Release|Any CPU
		{655F07B9-6E40-4AE0-86AF-C89F4BF54FC8}.Release|Any CPU.Build.0 = Release|Any CPU
	EndGlobalSection
	GlobalSection(SolutionProperties) = preSolution
		HideSolutionNode = FALSE
	EndGlobalSection
	GlobalSection(ExtensibilityGlobals) = postSolution
		SolutionGuid = {CDB2F256-49BC-44FF-A4A5-9F8CCC533287}
	EndGlobalSection
EndGlobal
